// !$*UTF8*$!
{
	archiveVersion = 1;
	classes = {
	};
	objectVersion = 46;
	objects = {

/* Begin PBXBuildFile section */
		7F6C028819218174008B31DF /* Foundation.framework in Frameworks */ = {isa = PBXBuildFile; fileRef = 7F6C028719218174008B31DF /* Foundation.framework */; };
		7F6C028A19218174008B31DF /* CoreGraphics.framework in Frameworks */ = {isa = PBXBuildFile; fileRef = 7F6C028919218174008B31DF /* CoreGraphics.framework */; };
		7F6C028C19218174008B31DF /* UIKit.framework in Frameworks */ = {isa = PBXBuildFile; fileRef = 7F6C028B19218174008B31DF /* UIKit.framework */; };
		7F6C029219218174008B31DF /* InfoPlist.strings in Resources */ = {isa = PBXBuildFile; fileRef = 7F6C029019218174008B31DF /* InfoPlist.strings */; };
		7F6C029419218174008B31DF /* main.m in Sources */ = {isa = PBXBuildFile; fileRef = 7F6C029319218174008B31DF /* main.m */; };
		7F6C029819218174008B31DF /* UICollectionAppDelegate.m in Sources */ = {isa = PBXBuildFile; fileRef = 7F6C029719218174008B31DF /* UICollectionAppDelegate.m */; };
		7F6C029B19218174008B31DF /* Main.storyboard in Resources */ = {isa = PBXBuildFile; fileRef = 7F6C029919218174008B31DF /* Main.storyboard */; };
		7F6C029E19218174008B31DF /* UICollectionViewController.m in Sources */ = {isa = PBXBuildFile; fileRef = 7F6C029D19218174008B31DF /* UICollectionViewController.m */; };
		7F6C02A019218174008B31DF /* Images.xcassets in Resources */ = {isa = PBXBuildFile; fileRef = 7F6C029F19218174008B31DF /* Images.xcassets */; };
		7F6C02A719218174008B31DF /* XCTest.framework in Frameworks */ = {isa = PBXBuildFile; fileRef = 7F6C02A619218174008B31DF /* XCTest.framework */; };
		7F6C02A819218174008B31DF /* Foundation.framework in Frameworks */ = {isa = PBXBuildFile; fileRef = 7F6C028719218174008B31DF /* Foundation.framework */; };
		7F6C02A919218174008B31DF /* UIKit.framework in Frameworks */ = {isa = PBXBuildFile; fileRef = 7F6C028B19218174008B31DF /* UIKit.framework */; };
		7F6C02B119218174008B31DF /* InfoPlist.strings in Resources */ = {isa = PBXBuildFile; fileRef = 7F6C02AF19218174008B31DF /* InfoPlist.strings */; };
		7F6C02B319218174008B31DF /* GitHubProjTests.m in Sources */ = {isa = PBXBuildFile; fileRef = 7F6C02B219218174008B31DF /* GitHubProjTests.m */; };
		7F6C02BE1921822D008B31DF /* UICollection.m in Sources */ = {isa = PBXBuildFile; fileRef = 7F6C02BD1921822D008B31DF /* UICollection.m */; };
/* End PBXBuildFile section */

/* Begin PBXContainerItemProxy section */
		7F6C02AA19218174008B31DF /* PBXContainerItemProxy */ = {
			isa = PBXContainerItemProxy;
			containerPortal = 7F6C027C19218173008B31DF /* Project object */;
			proxyType = 1;
			remoteGlobalIDString = 7F6C028319218174008B31DF;
			remoteInfo = GitHubProj;
		};
/* End PBXContainerItemProxy section */

/* Begin PBXFileReference section */
		7F6C028419218174008B31DF /* GitHubProj.app */ = {isa = PBXFileReference; explicitFileType = wrapper.application; includeInIndex = 0; path = GitHubProj.app; sourceTree = BUILT_PRODUCTS_DIR; };
		7F6C028719218174008B31DF /* Foundation.framework */ = {isa = PBXFileReference; lastKnownFileType = wrapper.framework; name = Foundation.framework; path = System/Library/Frameworks/Foundation.framework; sourceTree = SDKROOT; };
		7F6C028919218174008B31DF /* CoreGraphics.framework */ = {isa = PBXFileReference; lastKnownFileType = wrapper.framework; name = CoreGraphics.framework; path = System/Library/Frameworks/CoreGraphics.framework; sourceTree = SDKROOT; };
		7F6C028B19218174008B31DF /* UIKit.framework */ = {isa = PBXFileReference; lastKnownFileType = wrapper.framework; name = UIKit.framework; path = System/Library/Frameworks/UIKit.framework; sourceTree = SDKROOT; };
		7F6C028F19218174008B31DF /* GitHubProj-Info.plist */ = {isa = PBXFileReference; lastKnownFileType = text.plist.xml; path = "GitHubProj-Info.plist"; sourceTree = "<group>"; };
		7F6C029119218174008B31DF /* en */ = {isa = PBXFileReference; lastKnownFileType = text.plist.strings; name = en; path = en.lproj/InfoPlist.strings; sourceTree = "<group>"; };
		7F6C029319218174008B31DF /* main.m */ = {isa = PBXFileReference; lastKnownFileType = sourcecode.c.objc; path = main.m; sourceTree = "<group>"; };
		7F6C029519218174008B31DF /* GitHubProj-Prefix.pch */ = {isa = PBXFileReference; lastKnownFileType = sourcecode.c.h; path = "GitHubProj-Prefix.pch"; sourceTree = "<group>"; };
		7F6C029619218174008B31DF /* UICollectionAppDelegate.h */ = {isa = PBXFileReference; lastKnownFileType = sourcecode.c.h; path = UICollectionAppDelegate.h; sourceTree = "<group>"; };
		7F6C029719218174008B31DF /* UICollectionAppDelegate.m */ = {isa = PBXFileReference; lastKnownFileType = sourcecode.c.objc; path = UICollectionAppDelegate.m; sourceTree = "<group>"; };
		7F6C029A19218174008B31DF /* Base */ = {isa = PBXFileReference; lastKnownFileType = file.storyboard; name = Base; path = Base.lproj/Main.storyboard; sourceTree = "<group>"; };
		7F6C029C19218174008B31DF /* UICollectionViewController.h */ = {isa = PBXFileReference; lastKnownFileType = sourcecode.c.h; path = UICollectionViewController.h; sourceTree = "<group>"; };
		7F6C029D19218174008B31DF /* UICollectionViewController.m */ = {isa = PBXFileReference; lastKnownFileType = sourcecode.c.objc; path = UICollectionViewController.m; sourceTree = "<group>"; };
		7F6C029F19218174008B31DF /* Images.xcassets */ = {isa = PBXFileReference; lastKnownFileType = folder.assetcatalog; path = Images.xcassets; sourceTree = "<group>"; };
		7F6C02A519218174008B31DF /* GitHubProjTests.xctest */ = {isa = PBXFileReference; explicitFileType = wrapper.cfbundle; includeInIndex = 0; path = GitHubProjTests.xctest; sourceTree = BUILT_PRODUCTS_DIR; };
		7F6C02A619218174008B31DF /* XCTest.framework */ = {isa = PBXFileReference; lastKnownFileType = wrapper.framework; name = XCTest.framework; path = Library/Frameworks/XCTest.framework; sourceTree = DEVELOPER_DIR; };
		7F6C02AE19218174008B31DF /* GitHubProjTests-Info.plist */ = {isa = PBXFileReference; lastKnownFileType = text.plist.xml; path = "GitHubProjTests-Info.plist"; sourceTree = "<group>"; };
		7F6C02B019218174008B31DF /* en */ = {isa = PBXFileReference; lastKnownFileType = text.plist.strings; name = en; path = en.lproj/InfoPlist.strings; sourceTree = "<group>"; };
		7F6C02B219218174008B31DF /* GitHubProjTests.m */ = {isa = PBXFileReference; lastKnownFileType = sourcecode.c.objc; path = GitHubProjTests.m; sourceTree = "<group>"; };
		7F6C02BC1921822D008B31DF /* UICollection.h */ = {isa = PBXFileReference; fileEncoding = 4; lastKnownFileType = sourcecode.c.h; path = UICollection.h; sourceTree = "<group>"; };
		7F6C02BD1921822D008B31DF /* UICollection.m */ = {isa = PBXFileReference; fileEncoding = 4; lastKnownFileType = sourcecode.c.objc; path = UICollection.m; sourceTree = "<group>"; };
/* End PBXFileReference section */

/* Begin PBXFrameworksBuildPhase section */
		7F6C028119218174008B31DF /* Frameworks */ = {
			isa = PBXFrameworksBuildPhase;
			buildActionMask = 2147483647;
			files = (
				7F6C028A19218174008B31DF /* CoreGraphics.framework in Frameworks */,
				7F6C028C19218174008B31DF /* UIKit.framework in Frameworks */,
				7F6C028819218174008B31DF /* Foundation.framework in Frameworks */,
			);
			runOnlyForDeploymentPostprocessing = 0;
		};
		7F6C02A219218174008B31DF /* Frameworks */ = {
			isa = PBXFrameworksBuildPhase;
			buildActionMask = 2147483647;
			files = (
				7F6C02A719218174008B31DF /* XCTest.framework in Frameworks */,
				7F6C02A919218174008B31DF /* UIKit.framework in Frameworks */,
				7F6C02A819218174008B31DF /* Foundation.framework in Frameworks */,
			);
			runOnlyForDeploymentPostprocessing = 0;
		};
/* End PBXFrameworksBuildPhase section */

/* Begin PBXGroup section */
		7F6C027B19218173008B31DF = {
			isa = PBXGroup;
			children = (
				7F6C02BC1921822D008B31DF /* UICollection.h */,
				7F6C02BD1921822D008B31DF /* UICollection.m */,
				7F6C028D19218174008B31DF /* GitHubProj */,
				7F6C02AC19218174008B31DF /* GitHubProjTests */,
				7F6C028619218174008B31DF /* Frameworks */,
				7F6C028519218174008B31DF /* Products */,
			);
			sourceTree = "<group>";
		};
		7F6C028519218174008B31DF /* Products */ = {
			isa = PBXGroup;
			children = (
				7F6C028419218174008B31DF /* GitHubProj.app */,
				7F6C02A519218174008B31DF /* GitHubProjTests.xctest */,
			);
			name = Products;
			sourceTree = "<group>";
		};
		7F6C028619218174008B31DF /* Frameworks */ = {
			isa = PBXGroup;
			children = (
				7F6C028719218174008B31DF /* Foundation.framework */,
				7F6C028919218174008B31DF /* CoreGraphics.framework */,
				7F6C028B19218174008B31DF /* UIKit.framework */,
				7F6C02A619218174008B31DF /* XCTest.framework */,
			);
			name = Frameworks;
			sourceTree = "<group>";
		};
		7F6C028D19218174008B31DF /* GitHubProj */ = {
			isa = PBXGroup;
			children = (
				7F6C029619218174008B31DF /* UICollectionAppDelegate.h */,
				7F6C029719218174008B31DF /* UICollectionAppDelegate.m */,
				7F6C029919218174008B31DF /* Main.storyboard */,
				7F6C029C19218174008B31DF /* UICollectionViewController.h */,
				7F6C029D19218174008B31DF /* UICollectionViewController.m */,
				7F6C029F19218174008B31DF /* Images.xcassets */,
				7F6C028E19218174008B31DF /* Supporting Files */,
			);
			path = GitHubProj;
			sourceTree = "<group>";
		};
		7F6C028E19218174008B31DF /* Supporting Files */ = {
			isa = PBXGroup;
			children = (
				7F6C028F19218174008B31DF /* GitHubProj-Info.plist */,
				7F6C029019218174008B31DF /* InfoPlist.strings */,
				7F6C029319218174008B31DF /* main.m */,
				7F6C029519218174008B31DF /* GitHubProj-Prefix.pch */,
			);
			name = "Supporting Files";
			sourceTree = "<group>";
		};
		7F6C02AC19218174008B31DF /* GitHubProjTests */ = {
			isa = PBXGroup;
			children = (
				7F6C02B219218174008B31DF /* GitHubProjTests.m */,
				7F6C02AD19218174008B31DF /* Supporting Files */,
			);
			path = GitHubProjTests;
			sourceTree = "<group>";
		};
		7F6C02AD19218174008B31DF /* Supporting Files */ = {
			isa = PBXGroup;
			children = (
				7F6C02AE19218174008B31DF /* GitHubProjTests-Info.plist */,
				7F6C02AF19218174008B31DF /* InfoPlist.strings */,
			);
			name = "Supporting Files";
			sourceTree = "<group>";
		};
/* End PBXGroup section */

/* Begin PBXNativeTarget section */
		7F6C028319218174008B31DF /* GitHubProj */ = {
			isa = PBXNativeTarget;
			buildConfigurationList = 7F6C02B619218174008B31DF /* Build configuration list for PBXNativeTarget "GitHubProj" */;
			buildPhases = (
				7F6C028019218174008B31DF /* Sources */,
				7F6C028119218174008B31DF /* Frameworks */,
				7F6C028219218174008B31DF /* Resources */,
			);
			buildRules = (
			);
			dependencies = (
			);
			name = GitHubProj;
			productName = GitHubProj;
			productReference = 7F6C028419218174008B31DF /* GitHubProj.app */;
			productType = "com.apple.product-type.application";
		};
		7F6C02A419218174008B31DF /* GitHubProjTests */ = {
			isa = PBXNativeTarget;
			buildConfigurationList = 7F6C02B919218174008B31DF /* Build configuration list for PBXNativeTarget "GitHubProjTests" */;
			buildPhases = (
				7F6C02A119218174008B31DF /* Sources */,
				7F6C02A219218174008B31DF /* Frameworks */,
				7F6C02A319218174008B31DF /* Resources */,
			);
			buildRules = (
			);
			dependencies = (
				7F6C02AB19218174008B31DF /* PBXTargetDependency */,
			);
			name = GitHubProjTests;
			productName = GitHubProjTests;
			productReference = 7F6C02A519218174008B31DF /* GitHubProjTests.xctest */;
			productType = "com.apple.product-type.bundle.unit-test";
		};
/* End PBXNativeTarget section */

/* Begin PBXProject section */
		7F6C027C19218173008B31DF /* Project object */ = {
			isa = PBXProject;
			attributes = {
				CLASSPREFIX = UICollection;
				LastUpgradeCheck = 0510;
				ORGANIZATIONNAME = GMolton;
				TargetAttributes = {
					7F6C02A419218174008B31DF = {
						TestTargetID = 7F6C028319218174008B31DF;
					};
				};
			};
			buildConfigurationList = 7F6C027F19218173008B31DF /* Build configuration list for PBXProject "GitHubProj" */;
			compatibilityVersion = "Xcode 3.2";
			developmentRegion = English;
			hasScannedForEncodings = 0;
			knownRegions = (
				en,
				Base,
			);
			mainGroup = 7F6C027B19218173008B31DF;
			productRefGroup = 7F6C028519218174008B31DF /* Products */;
			projectDirPath = "";
			projectRoot = "";
			targets = (
				7F6C028319218174008B31DF /* GitHubProj */,
				7F6C02A419218174008B31DF /* GitHubProjTests */,
			);
		};
/* End PBXProject section */

/* Begin PBXResourcesBuildPhase section */
		7F6C028219218174008B31DF /* Resources */ = {
			isa = PBXResourcesBuildPhase;
			buildActionMask = 2147483647;
			files = (
				7F6C02A019218174008B31DF /* Images.xcassets in Resources */,
				7F6C029219218174008B31DF /* InfoPlist.strings in Resources */,
				7F6C029B19218174008B31DF /* Main.storyboard in Resources */,
			);
			runOnlyForDeploymentPostprocessing = 0;
		};
		7F6C02A319218174008B31DF /* Resources */ = {
			isa = PBXResourcesBuildPhase;
			buildActionMask = 2147483647;
			files = (
				7F6C02B119218174008B31DF /* InfoPlist.strings in Resources */,
			);
			runOnlyForDeploymentPostprocessing = 0;
		};
/* End PBXResourcesBuildPhase section */

/* Begin PBXSourcesBuildPhase section */
		7F6C028019218174008B31DF /* Sources */ = {
			isa = PBXSourcesBuildPhase;
			buildActionMask = 2147483647;
			files = (
				7F6C029819218174008B31DF /* UICollectionAppDelegate.m in Sources */,
				7F6C029E19218174008B31DF /* UICollectionViewController.m in Sources */,
				7F6C029419218174008B31DF /* main.m in Sources */,
				7F6C02BE1921822D008B31DF /* UICollection.m in Sources */,
			);
			runOnlyForDeploymentPostprocessing = 0;
		};
		7F6C02A119218174008B31DF /* Sources */ = {
			isa = PBXSourcesBuildPhase;
			buildActionMask = 2147483647;
			files = (
				7F6C02B319218174008B31DF /* GitHubProjTests.m in Sources */,
			);
			runOnlyForDeploymentPostprocessing = 0;
		};
/* End PBXSourcesBuildPhase section */

/* Begin PBXTargetDependency section */
		7F6C02AB19218174008B31DF /* PBXTargetDependency */ = {
			isa = PBXTargetDependency;
			target = 7F6C028319218174008B31DF /* GitHubProj */;
			targetProxy = 7F6C02AA19218174008B31DF /* PBXContainerItemProxy */;
		};
/* End PBXTargetDependency section */

/* Begin PBXVariantGroup section */
		7F6C029019218174008B31DF /* InfoPlist.strings */ = {
			isa = PBXVariantGroup;
			children = (
				7F6C029119218174008B31DF /* en */,
			);
			name = InfoPlist.strings;
			sourceTree = "<group>";
		};
		7F6C029919218174008B31DF /* Main.storyboard */ = {
			isa = PBXVariantGroup;
			children = (
				7F6C029A19218174008B31DF /* Base */,
			);
			name = Main.storyboard;
			sourceTree = "<group>";
		};
		7F6C02AF19218174008B31DF /* InfoPlist.strings */ = {
			isa = PBXVariantGroup;
			children = (
				7F6C02B019218174008B31DF /* en */,
			);
			name = InfoPlist.strings;
			sourceTree = "<group>";
		};
/* End PBXVariantGroup section */

/* Begin XCBuildConfiguration section */
		7F6C02B419218174008B31DF /* Debug */ = {
			isa = XCBuildConfiguration;
			buildSettings = {
				ALWAYS_SEARCH_USER_PATHS = NO;
				CLANG_CXX_LANGUAGE_STANDARD = "gnu++0x";
				CLANG_CXX_LIBRARY = "libc++";
				CLANG_ENABLE_MODULES = YES;
				CLANG_ENABLE_OBJC_ARC = YES;
				CLANG_WARN_BOOL_CONVERSION = YES;
				CLANG_WARN_CONSTANT_CONVERSION = YES;
				CLANG_WARN_DIRECT_OBJC_ISA_USAGE = YES_ERROR;
				CLANG_WARN_EMPTY_BODY = YES;
				CLANG_WARN_ENUM_CONVERSION = YES;
				CLANG_WARN_INT_CONVERSION = YES;
				CLANG_WARN_OBJC_ROOT_CLASS = YES_ERROR;
				CLANG_WARN__DUPLICATE_METHOD_MATCH = YES;
				"CODE_SIGN_IDENTITY[sdk=iphoneos*]" = "iPhone Developer";
				COPY_PHASE_STRIP = NO;
				GCC_C_LANGUAGE_STANDARD = gnu99;
				GCC_DYNAMIC_NO_PIC = NO;
				GCC_OPTIMIZATION_LEVEL = 0;
				GCC_PREPROCESSOR_DEFINITIONS = (
					"DEBUG=1",
					"$(inherited)",
				);
				GCC_SYMBOLS_PRIVATE_EXTERN = NO;
				GCC_WARN_64_TO_32_BIT_CONVERSION = YES;
				GCC_WARN_ABOUT_RETURN_TYPE = YES_ERROR;
				GCC_WARN_UNDECLARED_SELECTOR = YES;
				GCC_WARN_UNINITIALIZED_AUTOS = YES_AGGRESSIVE;
				GCC_WARN_UNUSED_FUNCTION = YES;
				GCC_WARN_UNUSED_VARIABLE = YES;
				IPHONEOS_DEPLOYMENT_TARGET = 7.1;
				ONLY_ACTIVE_ARCH = YES;
				SDKROOT = iphoneos;
			};
			name = Debug;
		};
		7F6C02B519218174008B31DF /* Release */ = {
			isa = XCBuildConfiguration;
			buildSettings = {
				ALWAYS_SEARCH_USER_PATHS = NO;
				CLANG_CXX_LANGUAGE_STANDARD = "gnu++0x";
				CLANG_CXX_LIBRARY = "libc++";
				CLANG_ENABLE_MODULES = YES;
				CLANG_ENABLE_OBJC_ARC = YES;
				CLANG_WARN_BOOL_CONVERSION = YES;
				CLANG_WARN_CONSTANT_CONVERSION = YES;
				CLANG_WARN_DIRECT_OBJC_ISA_USAGE = YES_ERROR;
				CLANG_WARN_EMPTY_BODY = YES;
				CLANG_WARN_ENUM_CONVERSION = YES;
				CLANG_WARN_INT_CONVERSION = YES;
				CLANG_WARN_OBJC_ROOT_CLASS = YES_ERROR;
				CLANG_WARN__DUPLICATE_METHOD_MATCH = YES;
				"CODE_SIGN_IDENTITY[sdk=iphoneos*]" = "iPhone Developer";
				COPY_PHASE_STRIP = YES;
				ENABLE_NS_ASSERTIONS = NO;
				GCC_C_LANGUAGE_STANDARD = gnu99;
				GCC_WARN_64_TO_32_BIT_CONVERSION = YES;
				GCC_WARN_ABOUT_RETURN_TYPE = YES_ERROR;
				GCC_WARN_UNDECLARED_SELECTOR = YES;
				GCC_WARN_UNINITIALIZED_AUTOS = YES_AGGRESSIVE;
				GCC_WARN_UNUSED_FUNCTION = YES;
				GCC_WARN_UNUSED_VARIABLE = YES;
				IPHONEOS_DEPLOYMENT_TARGET = 7.1;
				SDKROOT = iphoneos;
				VALIDATE_PRODUCT = YES;
			};
			name = Release;
		};
		7F6C02B719218174008B31DF /* Debug */ = {
			isa = XCBuildConfiguration;
			buildSettings = {
				ASSETCATALOG_COMPILER_APPICON_NAME = AppIcon;
				ASSETCATALOG_COMPILER_LAUNCHIMAGE_NAME = LaunchImage;
				GCC_PRECOMPILE_PREFIX_HEADER = YES;
				GCC_PREFIX_HEADER = "GitHubProj/GitHubProj-Prefix.pch";
				INFOPLIST_FILE = "GitHubProj/GitHubProj-Info.plist";
				PRODUCT_NAME = "$(TARGET_NAME)";
				WRAPPER_EXTENSION = app;
			};
			name = Debug;
		};
		7F6C02B819218174008B31DF /* Release */ = {
			isa = XCBuildConfiguration;
			buildSettings = {
				ASSETCATALOG_COMPILER_APPICON_NAME = AppIcon;
				ASSETCATALOG_COMPILER_LAUNCHIMAGE_NAME = LaunchImage;
				GCC_PRECOMPILE_PREFIX_HEADER = YES;
				GCC_PREFIX_HEADER = "GitHubProj/GitHubProj-Prefix.pch";
				INFOPLIST_FILE = "GitHubProj/GitHubProj-Info.plist";
				PRODUCT_NAME = "$(TARGET_NAME)";
				WRAPPER_EXTENSION = app;
			};
			name = Release;
		};
		7F6C02BA19218174008B31DF /* Debug */ = {
			isa = XCBuildConfiguration;
			buildSettings = {
				BUNDLE_LOADER = "$(BUILT_PRODUCTS_DIR)/GitHubProj.app/GitHubProj";
				FRAMEWORK_SEARCH_PATHS = (
					"$(SDKROOT)/Developer/Library/Frameworks",
					"$(inherited)",
					"$(DEVELOPER_FRAMEWORKS_DIR)",
				);
				GCC_PRECOMPILE_PREFIX_HEADER = YES;
				GCC_PREFIX_HEADER = "GitHubProj/GitHubProj-Prefix.pch";
				GCC_PREPROCESSOR_DEFINITIONS = (
					"DEBUG=1",
					"$(inherited)",
				);
				INFOPLIST_FILE = "GitHubProjTests/GitHubProjTests-Info.plist";
				PRODUCT_NAME = "$(TARGET_NAME)";
				TEST_HOST = "$(BUNDLE_LOADER)";
				WRAPPER_EXTENSION = xctest;
			};
			name = Debug;
		};
		7F6C02BB19218174008B31DF /* Release */ = {
			isa = XCBuildConfiguration;
			buildSettings = {
				BUNDLE_LOADER = "$(BUILT_PRODUCTS_DIR)/GitHubProj.app/GitHubProj";
				FRAMEWORK_SEARCH_PATHS = (
					"$(SDKROOT)/Developer/Library/Frameworks",
					"$(inherited)",
					"$(DEVELOPER_FRAMEWORKS_DIR)",
				);
				GCC_PRECOMPILE_PREFIX_HEADER = YES;
				GCC_PREFIX_HEADER = "GitHubProj/GitHubProj-Prefix.pch";
				INFOPLIST_FILE = "GitHubProjTests/GitHubProjTests-Info.plist";
				PRODUCT_NAME = "$(TARGET_NAME)";
				TEST_HOST = "$(BUNDLE_LOADER)";
				WRAPPER_EXTENSION = xctest;
			};
			name = Release;
		};
/* End XCBuildConfiguration section */

/* Begin XCConfigurationList section */
		7F6C027F19218173008B31DF /* Build configuration list for PBXProject "GitHubProj" */ = {
			isa = XCConfigurationList;
			buildConfigurations = (
				7F6C02B419218174008B31DF /* Debug */,
				7F6C02B519218174008B31DF /* Release */,
			);
			defaultConfigurationIsVisible = 0;
			defaultConfigurationName = Release;
		};
		7F6C02B619218174008B31DF /* Build configuration list for PBXNativeTarget "GitHubProj" */ = {
			isa = XCConfigurationList;
			buildConfigurations = (
				7F6C02B719218174008B31DF /* Debug */,
				7F6C02B819218174008B31DF /* Release */,
			);
			defaultConfigurationIsVisible = 0;
		};
		7F6C02B919218174008B31DF /* Build configuration list for PBXNativeTarget "GitHubProjTests" */ = {
			isa = XCConfigurationList;
			buildConfigurations = (
				7F6C02BA19218174008B31DF /* Debug */,
				7F6C02BB19218174008B31DF /* Release */,
			);
			defaultConfigurationIsVisible = 0;
		};
/* End XCConfigurationList section */
	};
	rootObject = 7F6C027C19218173008B31DF /* Project object */;
}
